
Microsoft Visual Studio Solution File, Format Version 12.00
# Visual Studio 14
VisualStudioVersion = 14.0.25420.1
MinimumVisualStudioVersion = 10.0.40219.1
Project("{FAE04EC0-301F-11D3-BF4B-00C04F79EFBC}") = "Tailviewer", "Tailviewer\Tailviewer.csproj", "{799F74C7-6DE8-455D-936D-E11D7525AB36}"
EndProject
Project("{FAE04EC0-301F-11D3-BF4B-00C04F79EFBC}") = "Tailviewer.Test", "Tailviewer.Test\Tailviewer.Test.csproj", "{284845FB-EFF7-434E-9006-E789AB95F2F2}"
EndProject
Project("{2150E333-8FDC-42A3-9474-1A3956D46DE8}") = "Tests", "Tests", "{790E58D1-E0A7-4B82-B617-3A5D442B8CC0}"
EndProject
Project("{2150E333-8FDC-42A3-9474-1A3956D46DE8}") = "Solution Items", "Solution Items", "{4875D242-F178-48B4-B86D-397650126A32}"
	ProjectSection(SolutionItems) = preProject
		LICENSE = LICENSE
		README.md = README.md
	EndProjectSection
EndProject
Project("{FAE04EC0-301F-11D3-BF4B-00C04F79EFBC}") = "Installer", "Installer\Installer.csproj", "{0A1431F6-8548-44D4-B82B-049B94A7F57D}"
	ProjectSection(ProjectDependencies) = postProject
		{0C18B216-9FF4-4DCF-88C0-4B1448892F43} = {0C18B216-9FF4-4DCF-88C0-4B1448892F43}
		{62C60D20-180E-4A59-9EF3-30161E1E31CB} = {62C60D20-180E-4A59-9EF3-30161E1E31CB}
		{C667EB8A-6781-4623-AC7C-D3FBA2F6E7D4} = {C667EB8A-6781-4623-AC7C-D3FBA2F6E7D4}
		{799F74C7-6DE8-455D-936D-E11D7525AB36} = {799F74C7-6DE8-455D-936D-E11D7525AB36}
	EndProjectSection
EndProject
Project("{FAE04EC0-301F-11D3-BF4B-00C04F79EFBC}") = "Tailviewer.Api", "Tailviewer.Api\Tailviewer.Api.csproj", "{0C18B216-9FF4-4DCF-88C0-4B1448892F43}"
EndProject
Project("{FAE04EC0-301F-11D3-BF4B-00C04F79EFBC}") = "Tailviewer.AcceptanceTests", "Tailviewer.AcceptanceTests\Tailviewer.AcceptanceTests.csproj", "{502F427E-C55C-4A8B-BCF9-9D8AE7451570}"
EndProject
Project("{FAE04EC0-301F-11D3-BF4B-00C04F79EFBC}") = "Tailviewer.Core", "Tailviewer.Core\Tailviewer.Core.csproj", "{62C60D20-180E-4A59-9EF3-30161E1E31CB}"
EndProject
Project("{FAE04EC0-301F-11D3-BF4B-00C04F79EFBC}") = "Tailviewer.Archiver", "Tailviewer.Archiver\Tailviewer.Archiver.csproj", "{C667EB8A-6781-4623-AC7C-D3FBA2F6E7D4}"
EndProject
Project("{FAE04EC0-301F-11D3-BF4B-00C04F79EFBC}") = "Tailviewer.Archiver.Test", "Tailviewer.Archiver.Test\Tailviewer.Archiver.Test.csproj", "{32B4C733-2E01-4633-A163-D947E0743946}"
EndProject
Project("{2150E333-8FDC-42A3-9474-1A3956D46DE8}") = "Plugins", "Plugins", "{BC0C0BBB-9D4C-47CE-9888-EB956F4A4562}"
EndProject
Project("{FAE04EC0-301F-11D3-BF4B-00C04F79EFBC}") = "SamplePlugin", "SamplePlugin\SamplePlugin.csproj", "{C2C093CC-86F9-4A39-AFC1-BF2D54B7F856}"
	ProjectSection(ProjectDependencies) = postProject
		{C667EB8A-6781-4623-AC7C-D3FBA2F6E7D4} = {C667EB8A-6781-4623-AC7C-D3FBA2F6E7D4}
	EndProjectSection
EndProject
Project("{FAE04EC0-301F-11D3-BF4B-00C04F79EFBC}") = "Tailviewer.QuickInfo", "Tailviewer.QuickInfo\Tailviewer.QuickInfo.csproj", "{04577417-8FF7-4583-AA9D-C2E92CA7EE6F}"
EndProject
Project("{FAE04EC0-301F-11D3-BF4B-00C04F79EFBC}") = "Tailviewer.QuickInfo.Test", "Tailviewer.QuickInfo.Test\Tailviewer.QuickInfo.Test.csproj", "{5511968B-07E5-44F2-9901-AE25D4B78A9A}"
EndProject
Project("{FAE04EC0-301F-11D3-BF4B-00C04F79EFBC}") = "Tailviewer.Count", "Tailviewer.Count\Tailviewer.Count.csproj", "{7E386963-E599-43B4-9856-486C87536416}"
EndProject
Project("{FAE04EC0-301F-11D3-BF4B-00C04F79EFBC}") = "Tailviewer.Count.Test", "Tailviewer.Count.Test\Tailviewer.Count.Test.csproj", "{B4DA371D-E41B-4D91-84E3-50F41A925686}"
EndProject
Project("{FAE04EC0-301F-11D3-BF4B-00C04F79EFBC}") = "Tailviewer.Events", "Tailviewer.Events\Tailviewer.Events.csproj", "{A26C1ECF-D3A8-4826-910B-4BA59E2A248E}"
EndProject
Project("{FAE04EC0-301F-11D3-BF4B-00C04F79EFBC}") = "Tailviewer.Events.Test", "Tailviewer.Events.Test\Tailviewer.Events.Test.csproj", "{05244FBF-D94D-473B-A102-AC7623A93E15}"
EndProject
Global
	GlobalSection(SolutionConfigurationPlatforms) = preSolution
		Debug|Any CPU = Debug|Any CPU
		Release|Any CPU = Release|Any CPU
	EndGlobalSection
	GlobalSection(ProjectConfigurationPlatforms) = postSolution
		{799F74C7-6DE8-455D-936D-E11D7525AB36}.Debug|Any CPU.ActiveCfg = Debug|Any CPU
		{799F74C7-6DE8-455D-936D-E11D7525AB36}.Debug|Any CPU.Build.0 = Debug|Any CPU
		{799F74C7-6DE8-455D-936D-E11D7525AB36}.Release|Any CPU.ActiveCfg = Release|Any CPU
		{799F74C7-6DE8-455D-936D-E11D7525AB36}.Release|Any CPU.Build.0 = Release|Any CPU
		{284845FB-EFF7-434E-9006-E789AB95F2F2}.Debug|Any CPU.ActiveCfg = Debug|Any CPU
		{284845FB-EFF7-434E-9006-E789AB95F2F2}.Debug|Any CPU.Build.0 = Debug|Any CPU
		{284845FB-EFF7-434E-9006-E789AB95F2F2}.Release|Any CPU.ActiveCfg = Release|Any CPU
		{284845FB-EFF7-434E-9006-E789AB95F2F2}.Release|Any CPU.Build.0 = Release|Any CPU
		{0A1431F6-8548-44D4-B82B-049B94A7F57D}.Debug|Any CPU.ActiveCfg = Debug|Any CPU
		{0A1431F6-8548-44D4-B82B-049B94A7F57D}.Debug|Any CPU.Build.0 = Debug|Any CPU
		{0A1431F6-8548-44D4-B82B-049B94A7F57D}.Release|Any CPU.ActiveCfg = Release|Any CPU
		{0A1431F6-8548-44D4-B82B-049B94A7F57D}.Release|Any CPU.Build.0 = Release|Any CPU
		{0C18B216-9FF4-4DCF-88C0-4B1448892F43}.Debug|Any CPU.ActiveCfg = Debug|Any CPU
		{0C18B216-9FF4-4DCF-88C0-4B1448892F43}.Debug|Any CPU.Build.0 = Debug|Any CPU
		{0C18B216-9FF4-4DCF-88C0-4B1448892F43}.Release|Any CPU.ActiveCfg = Release|Any CPU
		{0C18B216-9FF4-4DCF-88C0-4B1448892F43}.Release|Any CPU.Build.0 = Release|Any CPU
		{502F427E-C55C-4A8B-BCF9-9D8AE7451570}.Debug|Any CPU.ActiveCfg = Debug|Any CPU
		{502F427E-C55C-4A8B-BCF9-9D8AE7451570}.Debug|Any CPU.Build.0 = Debug|Any CPU
		{502F427E-C55C-4A8B-BCF9-9D8AE7451570}.Release|Any CPU.ActiveCfg = Release|Any CPU
		{502F427E-C55C-4A8B-BCF9-9D8AE7451570}.Release|Any CPU.Build.0 = Release|Any CPU
		{62C60D20-180E-4A59-9EF3-30161E1E31CB}.Debug|Any CPU.ActiveCfg = Debug|Any CPU
		{62C60D20-180E-4A59-9EF3-30161E1E31CB}.Debug|Any CPU.Build.0 = Debug|Any CPU
		{62C60D20-180E-4A59-9EF3-30161E1E31CB}.Release|Any CPU.ActiveCfg = Release|Any CPU
		{62C60D20-180E-4A59-9EF3-30161E1E31CB}.Release|Any CPU.Build.0 = Release|Any CPU
		{C667EB8A-6781-4623-AC7C-D3FBA2F6E7D4}.Debug|Any CPU.ActiveCfg = Debug|Any CPU
		{C667EB8A-6781-4623-AC7C-D3FBA2F6E7D4}.Debug|Any CPU.Build.0 = Debug|Any CPU
		{C667EB8A-6781-4623-AC7C-D3FBA2F6E7D4}.Release|Any CPU.ActiveCfg = Release|Any CPU
		{C667EB8A-6781-4623-AC7C-D3FBA2F6E7D4}.Release|Any CPU.Build.0 = Release|Any CPU
		{32B4C733-2E01-4633-A163-D947E0743946}.Debug|Any CPU.ActiveCfg = Debug|Any CPU
		{32B4C733-2E01-4633-A163-D947E0743946}.Debug|Any CPU.Build.0 = Debug|Any CPU
		{32B4C733-2E01-4633-A163-D947E0743946}.Release|Any CPU.ActiveCfg = Release|Any CPU
		{32B4C733-2E01-4633-A163-D947E0743946}.Release|Any CPU.Build.0 = Release|Any CPU
		{C2C093CC-86F9-4A39-AFC1-BF2D54B7F856}.Debug|Any CPU.ActiveCfg = Debug|Any CPU
		{C2C093CC-86F9-4A39-AFC1-BF2D54B7F856}.Debug|Any CPU.Build.0 = Debug|Any CPU
		{C2C093CC-86F9-4A39-AFC1-BF2D54B7F856}.Release|Any CPU.ActiveCfg = Release|Any CPU
		{C2C093CC-86F9-4A39-AFC1-BF2D54B7F856}.Release|Any CPU.Build.0 = Release|Any CPU
		{04577417-8FF7-4583-AA9D-C2E92CA7EE6F}.Debug|Any CPU.ActiveCfg = Debug|Any CPU
		{04577417-8FF7-4583-AA9D-C2E92CA7EE6F}.Debug|Any CPU.Build.0 = Debug|Any CPU
		{04577417-8FF7-4583-AA9D-C2E92CA7EE6F}.Release|Any CPU.ActiveCfg = Release|Any CPU
		{04577417-8FF7-4583-AA9D-C2E92CA7EE6F}.Release|Any CPU.Build.0 = Release|Any CPU
		{5511968B-07E5-44F2-9901-AE25D4B78A9A}.Debug|Any CPU.ActiveCfg = Debug|Any CPU
		{5511968B-07E5-44F2-9901-AE25D4B78A9A}.Debug|Any CPU.Build.0 = Debug|Any CPU
		{5511968B-07E5-44F2-9901-AE25D4B78A9A}.Release|Any CPU.ActiveCfg = Release|Any CPU
		{5511968B-07E5-44F2-9901-AE25D4B78A9A}.Release|Any CPU.Build.0 = Release|Any CPU
		{7E386963-E599-43B4-9856-486C87536416}.Debug|Any CPU.ActiveCfg = Debug|Any CPU
		{7E386963-E599-43B4-9856-486C87536416}.Debug|Any CPU.Build.0 = Debug|Any CPU
		{7E386963-E599-43B4-9856-486C87536416}.Release|Any CPU.ActiveCfg = Release|Any CPU
		{7E386963-E599-43B4-9856-486C87536416}.Release|Any CPU.Build.0 = Release|Any CPU
		{B4DA371D-E41B-4D91-84E3-50F41A925686}.Debug|Any CPU.ActiveCfg = Debug|Any CPU
		{B4DA371D-E41B-4D91-84E3-50F41A925686}.Debug|Any CPU.Build.0 = Debug|Any CPU
		{B4DA371D-E41B-4D91-84E3-50F41A925686}.Release|Any CPU.ActiveCfg = Release|Any CPU
		{B4DA371D-E41B-4D91-84E3-50F41A925686}.Release|Any CPU.Build.0 = Release|Any CPU
		{A26C1ECF-D3A8-4826-910B-4BA59E2A248E}.Debug|Any CPU.ActiveCfg = Debug|Any CPU
		{A26C1ECF-D3A8-4826-910B-4BA59E2A248E}.Debug|Any CPU.Build.0 = Debug|Any CPU
		{A26C1ECF-D3A8-4826-910B-4BA59E2A248E}.Release|Any CPU.ActiveCfg = Release|Any CPU
		{A26C1ECF-D3A8-4826-910B-4BA59E2A248E}.Release|Any CPU.Build.0 = Release|Any CPU
		{05244FBF-D94D-473B-A102-AC7623A93E15}.Debug|Any CPU.ActiveCfg = Debug|Any CPU
		{05244FBF-D94D-473B-A102-AC7623A93E15}.Debug|Any CPU.Build.0 = Debug|Any CPU
		{05244FBF-D94D-473B-A102-AC7623A93E15}.Release|Any CPU.ActiveCfg = Release|Any CPU
		{05244FBF-D94D-473B-A102-AC7623A93E15}.Release|Any CPU.Build.0 = Release|Any CPU
	EndGlobalSection
	GlobalSection(SolutionProperties) = preSolution
		HideSolutionNode = FALSE
	EndGlobalSection
	GlobalSection(NestedProjects) = preSolution
		{284845FB-EFF7-434E-9006-E789AB95F2F2} = {790E58D1-E0A7-4B82-B617-3A5D442B8CC0}
		{502F427E-C55C-4A8B-BCF9-9D8AE7451570} = {790E58D1-E0A7-4B82-B617-3A5D442B8CC0}
		{32B4C733-2E01-4633-A163-D947E0743946} = {790E58D1-E0A7-4B82-B617-3A5D442B8CC0}
		{C2C093CC-86F9-4A39-AFC1-BF2D54B7F856} = {BC0C0BBB-9D4C-47CE-9888-EB956F4A4562}
		{04577417-8FF7-4583-AA9D-C2E92CA7EE6F} = {BC0C0BBB-9D4C-47CE-9888-EB956F4A4562}
		{5511968B-07E5-44F2-9901-AE25D4B78A9A} = {BC0C0BBB-9D4C-47CE-9888-EB956F4A4562}
		{7E386963-E599-43B4-9856-486C87536416} = {BC0C0BBB-9D4C-47CE-9888-EB956F4A4562}
		{B4DA371D-E41B-4D91-84E3-50F41A925686} = {BC0C0BBB-9D4C-47CE-9888-EB956F4A4562}
		{A26C1ECF-D3A8-4826-910B-4BA59E2A248E} = {BC0C0BBB-9D4C-47CE-9888-EB956F4A4562}
		{05244FBF-D94D-473B-A102-AC7623A93E15} = {BC0C0BBB-9D4C-47CE-9888-EB956F4A4562}
	EndGlobalSection
EndGlobal
