
Microsoft Visual Studio Solution File, Format Version 12.00
# Visual Studio 14
VisualStudioVersion = 14.0.25420.1
MinimumVisualStudioVersion = 10.0.40219.1
Project("{FAE04EC0-301F-11D3-BF4B-00C04F79EFBC}") = "Tailviewer", "Tailviewer\Tailviewer.csproj", "{799F74C7-6DE8-455D-936D-E11D7525AB36}"
EndProject
Project("{FAE04EC0-301F-11D3-BF4B-00C04F79EFBC}") = "Tailviewer.Test", "Tailviewer.Test\Tailviewer.Test.csproj", "{284845FB-EFF7-434E-9006-E789AB95F2F2}"
EndProject
Project("{2150E333-8FDC-42A3-9474-1A3956D46DE8}") = "Tests", "Tests", "{790E58D1-E0A7-4B82-B617-3A5D442B8CC0}"
EndProject
Project("{2150E333-8FDC-42A3-9474-1A3956D46DE8}") = "Solution Items", "Solution Items", "{4875D242-F178-48B4-B86D-397650126A32}"
	ProjectSection(SolutionItems) = preProject
		LICENSE = LICENSE
		README.md = README.md
	EndProjectSection
EndProject
Project("{FAE04EC0-301F-11D3-BF4B-00C04F79EFBC}") = "Installer", "Installer\Installer.csproj", "{0A1431F6-8548-44D4-B82B-049B94A7F57D}"
	ProjectSection(ProjectDependencies) = postProject
		{799F74C7-6DE8-455D-936D-E11D7525AB36} = {799F74C7-6DE8-455D-936D-E11D7525AB36}
	EndProjectSection
EndProject
Project("{FAE04EC0-301F-11D3-BF4B-00C04F79EFBC}") = "Tailviewer.AcceptanceTests", "Tailviewer.AcceptanceTests\Tailviewer.AcceptanceTests.csproj", "{502F427E-C55C-4A8B-BCF9-9D8AE7451570}"
	ProjectSection(ProjectDependencies) = postProject
		{0A1431F6-8548-44D4-B82B-049B94A7F57D} = {0A1431F6-8548-44D4-B82B-049B94A7F57D}
	EndProjectSection
EndProject
Project("{FAE04EC0-301F-11D3-BF4B-00C04F79EFBC}") = "SQLiteLogger", "SQLiteLogger\SQLiteLogger.csproj", "{DDEF8453-1C7F-4E48-B953-A4D34804DBD3}"
EndProject
Project("{2150E333-8FDC-42A3-9474-1A3956D46DE8}") = "Loggers", "Loggers", "{D49AF1FD-0F5D-4E20-BF05-89511D9F519C}"
EndProject
Project("{FAE04EC0-301F-11D3-BF4B-00C04F79EFBC}") = "LoggerCore", "LoggerCore\LoggerCore.csproj", "{0FB426C3-BF2D-4DAE-907C-C80531FA818C}"
EndProject
Project("{FAE04EC0-301F-11D3-BF4B-00C04F79EFBC}") = "FileLogger", "FileLogger\FileLogger.csproj", "{7C9A0C73-DBF5-4CC6-8756-38FFB3B3ECA0}"
EndProject
Project("{2150E333-8FDC-42A3-9474-1A3956D46DE8}") = "Playground", "Playground", "{AA1F1722-A796-4C5B-B3B6-29F3620DC8ED}"
EndProject
Project("{FAE04EC0-301F-11D3-BF4B-00C04F79EFBC}") = "TablePlayground", "TablePlayground\TablePlayground.csproj", "{FB8C063F-C298-4D1C-98E0-7150B955B41C}"
EndProject
Project("{FAE04EC0-301F-11D3-BF4B-00C04F79EFBC}") = "ControlPlayground", "ControlPlayground\ControlPlayground.csproj", "{1EC55724-9284-4110-BCA3-87B779B2B093}"
EndProject
Project("{FAE04EC0-301F-11D3-BF4B-00C04F79EFBC}") = "NewDesign", "NewDesign\NewDesign.csproj", "{7C8AC96A-F577-4C33-BD93-DF7C23359969}"
EndProject
Project("{FAE04EC0-301F-11D3-BF4B-00C04F79EFBC}") = "Tailviewer.Scripthost", "Tailviewer.Scripthost\Tailviewer.Scripthost.csproj", "{8FE68946-2BAA-44AE-8984-E5B71DE7E147}"
EndProject
Project("{FAE04EC0-301F-11D3-BF4B-00C04F79EFBC}") = "Tailviewer.Api", "Tailviewer.Api\Tailviewer.Api.csproj", "{0C18B216-9FF4-4DCF-88C0-4B1448892F43}"
EndProject
Project("{FAE04EC0-301F-11D3-BF4B-00C04F79EFBC}") = "Tailviewer.Core", "Tailviewer.Core\Tailviewer.Core.csproj", "{62C60D20-180E-4A59-9EF3-30161E1E31CB}"
EndProject
Project("{FAE04EC0-301F-11D3-BF4B-00C04F79EFBC}") = "Tailviewer.Archiver", "Tailviewer.Archiver\Tailviewer.Archiver.csproj", "{C667EB8A-6781-4623-AC7C-D3FBA2F6E7D4}"
EndProject
Project("{FAE04EC0-301F-11D3-BF4B-00C04F79EFBC}") = "Tailviewer.Archiver.Test", "Tailviewer.Archiver.Test\Tailviewer.Archiver.Test.csproj", "{32B4C733-2E01-4633-A163-D947E0743946}"
EndProject
Project("{FAE04EC0-301F-11D3-BF4B-00C04F79EFBC}") = "LogFile2Playground", "LogFile2Playground\LogFile2Playground.csproj", "{26585232-425A-4234-A595-B65F34374F67}"
EndProject
Global
	GlobalSection(SolutionConfigurationPlatforms) = preSolution
		Debug|Any CPU = Debug|Any CPU
		Release|Any CPU = Release|Any CPU
	EndGlobalSection
	GlobalSection(ProjectConfigurationPlatforms) = postSolution
		{799F74C7-6DE8-455D-936D-E11D7525AB36}.Debug|Any CPU.ActiveCfg = Debug|Any CPU
		{799F74C7-6DE8-455D-936D-E11D7525AB36}.Debug|Any CPU.Build.0 = Debug|Any CPU
		{799F74C7-6DE8-455D-936D-E11D7525AB36}.Release|Any CPU.ActiveCfg = Release|Any CPU
		{799F74C7-6DE8-455D-936D-E11D7525AB36}.Release|Any CPU.Build.0 = Release|Any CPU
		{284845FB-EFF7-434E-9006-E789AB95F2F2}.Debug|Any CPU.ActiveCfg = Debug|Any CPU
		{284845FB-EFF7-434E-9006-E789AB95F2F2}.Debug|Any CPU.Build.0 = Debug|Any CPU
		{284845FB-EFF7-434E-9006-E789AB95F2F2}.Release|Any CPU.ActiveCfg = Release|Any CPU
		{284845FB-EFF7-434E-9006-E789AB95F2F2}.Release|Any CPU.Build.0 = Release|Any CPU
		{0A1431F6-8548-44D4-B82B-049B94A7F57D}.Debug|Any CPU.ActiveCfg = Debug|Any CPU
		{0A1431F6-8548-44D4-B82B-049B94A7F57D}.Debug|Any CPU.Build.0 = Debug|Any CPU
		{0A1431F6-8548-44D4-B82B-049B94A7F57D}.Release|Any CPU.ActiveCfg = Release|Any CPU
		{0A1431F6-8548-44D4-B82B-049B94A7F57D}.Release|Any CPU.Build.0 = Release|Any CPU
		{502F427E-C55C-4A8B-BCF9-9D8AE7451570}.Debug|Any CPU.ActiveCfg = Debug|Any CPU
		{502F427E-C55C-4A8B-BCF9-9D8AE7451570}.Debug|Any CPU.Build.0 = Debug|Any CPU
		{502F427E-C55C-4A8B-BCF9-9D8AE7451570}.Release|Any CPU.ActiveCfg = Release|Any CPU
		{502F427E-C55C-4A8B-BCF9-9D8AE7451570}.Release|Any CPU.Build.0 = Release|Any CPU
		{DDEF8453-1C7F-4E48-B953-A4D34804DBD3}.Debug|Any CPU.ActiveCfg = Debug|Any CPU
		{DDEF8453-1C7F-4E48-B953-A4D34804DBD3}.Debug|Any CPU.Build.0 = Debug|Any CPU
		{DDEF8453-1C7F-4E48-B953-A4D34804DBD3}.Release|Any CPU.ActiveCfg = Release|Any CPU
		{DDEF8453-1C7F-4E48-B953-A4D34804DBD3}.Release|Any CPU.Build.0 = Release|Any CPU
		{0FB426C3-BF2D-4DAE-907C-C80531FA818C}.Debug|Any CPU.ActiveCfg = Debug|Any CPU
		{0FB426C3-BF2D-4DAE-907C-C80531FA818C}.Debug|Any CPU.Build.0 = Debug|Any CPU
		{0FB426C3-BF2D-4DAE-907C-C80531FA818C}.Release|Any CPU.ActiveCfg = Release|Any CPU
		{0FB426C3-BF2D-4DAE-907C-C80531FA818C}.Release|Any CPU.Build.0 = Release|Any CPU
		{7C9A0C73-DBF5-4CC6-8756-38FFB3B3ECA0}.Debug|Any CPU.ActiveCfg = Debug|Any CPU
		{7C9A0C73-DBF5-4CC6-8756-38FFB3B3ECA0}.Debug|Any CPU.Build.0 = Debug|Any CPU
		{7C9A0C73-DBF5-4CC6-8756-38FFB3B3ECA0}.Release|Any CPU.ActiveCfg = Release|Any CPU
		{7C9A0C73-DBF5-4CC6-8756-38FFB3B3ECA0}.Release|Any CPU.Build.0 = Release|Any CPU
		{FB8C063F-C298-4D1C-98E0-7150B955B41C}.Debug|Any CPU.ActiveCfg = Debug|Any CPU
		{FB8C063F-C298-4D1C-98E0-7150B955B41C}.Debug|Any CPU.Build.0 = Debug|Any CPU
		{FB8C063F-C298-4D1C-98E0-7150B955B41C}.Release|Any CPU.ActiveCfg = Release|Any CPU
		{FB8C063F-C298-4D1C-98E0-7150B955B41C}.Release|Any CPU.Build.0 = Release|Any CPU
		{1EC55724-9284-4110-BCA3-87B779B2B093}.Debug|Any CPU.ActiveCfg = Debug|Any CPU
		{1EC55724-9284-4110-BCA3-87B779B2B093}.Debug|Any CPU.Build.0 = Debug|Any CPU
		{1EC55724-9284-4110-BCA3-87B779B2B093}.Release|Any CPU.ActiveCfg = Release|Any CPU
		{1EC55724-9284-4110-BCA3-87B779B2B093}.Release|Any CPU.Build.0 = Release|Any CPU
		{7C8AC96A-F577-4C33-BD93-DF7C23359969}.Debug|Any CPU.ActiveCfg = Debug|Any CPU
		{7C8AC96A-F577-4C33-BD93-DF7C23359969}.Debug|Any CPU.Build.0 = Debug|Any CPU
		{7C8AC96A-F577-4C33-BD93-DF7C23359969}.Release|Any CPU.ActiveCfg = Release|Any CPU
		{7C8AC96A-F577-4C33-BD93-DF7C23359969}.Release|Any CPU.Build.0 = Release|Any CPU
		{8FE68946-2BAA-44AE-8984-E5B71DE7E147}.Debug|Any CPU.ActiveCfg = Debug|Any CPU
		{8FE68946-2BAA-44AE-8984-E5B71DE7E147}.Debug|Any CPU.Build.0 = Debug|Any CPU
		{8FE68946-2BAA-44AE-8984-E5B71DE7E147}.Release|Any CPU.ActiveCfg = Release|Any CPU
		{8FE68946-2BAA-44AE-8984-E5B71DE7E147}.Release|Any CPU.Build.0 = Release|Any CPU
		{0C18B216-9FF4-4DCF-88C0-4B1448892F43}.Debug|Any CPU.ActiveCfg = Debug|Any CPU
		{0C18B216-9FF4-4DCF-88C0-4B1448892F43}.Debug|Any CPU.Build.0 = Debug|Any CPU
		{0C18B216-9FF4-4DCF-88C0-4B1448892F43}.Release|Any CPU.ActiveCfg = Release|Any CPU
		{0C18B216-9FF4-4DCF-88C0-4B1448892F43}.Release|Any CPU.Build.0 = Release|Any CPU
		{62C60D20-180E-4A59-9EF3-30161E1E31CB}.Debug|Any CPU.ActiveCfg = Debug|Any CPU
		{62C60D20-180E-4A59-9EF3-30161E1E31CB}.Debug|Any CPU.Build.0 = Debug|Any CPU
		{62C60D20-180E-4A59-9EF3-30161E1E31CB}.Release|Any CPU.ActiveCfg = Release|Any CPU
		{62C60D20-180E-4A59-9EF3-30161E1E31CB}.Release|Any CPU.Build.0 = Release|Any CPU
		{C667EB8A-6781-4623-AC7C-D3FBA2F6E7D4}.Debug|Any CPU.ActiveCfg = Debug|Any CPU
		{C667EB8A-6781-4623-AC7C-D3FBA2F6E7D4}.Debug|Any CPU.Build.0 = Debug|Any CPU
		{C667EB8A-6781-4623-AC7C-D3FBA2F6E7D4}.Release|Any CPU.ActiveCfg = Release|Any CPU
		{C667EB8A-6781-4623-AC7C-D3FBA2F6E7D4}.Release|Any CPU.Build.0 = Release|Any CPU
		{32B4C733-2E01-4633-A163-D947E0743946}.Debug|Any CPU.ActiveCfg = Debug|Any CPU
		{32B4C733-2E01-4633-A163-D947E0743946}.Debug|Any CPU.Build.0 = Debug|Any CPU
		{32B4C733-2E01-4633-A163-D947E0743946}.Release|Any CPU.ActiveCfg = Release|Any CPU
		{32B4C733-2E01-4633-A163-D947E0743946}.Release|Any CPU.Build.0 = Release|Any CPU
		{26585232-425A-4234-A595-B65F34374F67}.Debug|Any CPU.ActiveCfg = Debug|Any CPU
		{26585232-425A-4234-A595-B65F34374F67}.Debug|Any CPU.Build.0 = Debug|Any CPU
		{26585232-425A-4234-A595-B65F34374F67}.Release|Any CPU.ActiveCfg = Release|Any CPU
		{26585232-425A-4234-A595-B65F34374F67}.Release|Any CPU.Build.0 = Release|Any CPU
	EndGlobalSection
	GlobalSection(SolutionProperties) = preSolution
		HideSolutionNode = FALSE
	EndGlobalSection
	GlobalSection(NestedProjects) = preSolution
		{284845FB-EFF7-434E-9006-E789AB95F2F2} = {790E58D1-E0A7-4B82-B617-3A5D442B8CC0}
		{502F427E-C55C-4A8B-BCF9-9D8AE7451570} = {790E58D1-E0A7-4B82-B617-3A5D442B8CC0}
		{DDEF8453-1C7F-4E48-B953-A4D34804DBD3} = {D49AF1FD-0F5D-4E20-BF05-89511D9F519C}
		{0FB426C3-BF2D-4DAE-907C-C80531FA818C} = {D49AF1FD-0F5D-4E20-BF05-89511D9F519C}
		{7C9A0C73-DBF5-4CC6-8756-38FFB3B3ECA0} = {D49AF1FD-0F5D-4E20-BF05-89511D9F519C}
		{FB8C063F-C298-4D1C-98E0-7150B955B41C} = {AA1F1722-A796-4C5B-B3B6-29F3620DC8ED}
		{1EC55724-9284-4110-BCA3-87B779B2B093} = {AA1F1722-A796-4C5B-B3B6-29F3620DC8ED}
		{7C8AC96A-F577-4C33-BD93-DF7C23359969} = {AA1F1722-A796-4C5B-B3B6-29F3620DC8ED}
		{8FE68946-2BAA-44AE-8984-E5B71DE7E147} = {AA1F1722-A796-4C5B-B3B6-29F3620DC8ED}
		{32B4C733-2E01-4633-A163-D947E0743946} = {790E58D1-E0A7-4B82-B617-3A5D442B8CC0}
		{26585232-425A-4234-A595-B65F34374F67} = {AA1F1722-A796-4C5B-B3B6-29F3620DC8ED}
	EndGlobalSection
EndGlobal
