
Microsoft Visual Studio Solution File, Format Version 12.00
# Visual Studio Version 16
VisualStudioVersion = 16.0.29806.167
MinimumVisualStudioVersion = 10.0.40219.1
Project("{FAE04EC0-301F-11D3-BF4B-00C04F79EFBC}") = "Tailviewer", "src\Tailviewer\Tailviewer.csproj", "{799F74C7-6DE8-455D-936D-E11D7525AB36}"
	ProjectSection(ProjectDependencies) = postProject
		{9997F434-58B2-4C26-B622-5CA411A82BF7} = {9997F434-58B2-4C26-B622-5CA411A82BF7}
	EndProjectSection
EndProject
Project("{FAE04EC0-301F-11D3-BF4B-00C04F79EFBC}") = "Tailviewer.Tests", "src\Tailviewer.Tests\Tailviewer.Tests.csproj", "{284845FB-EFF7-434E-9006-E789AB95F2F2}"
EndProject
Project("{2150E333-8FDC-42A3-9474-1A3956D46DE8}") = "Tests", "Tests", "{790E58D1-E0A7-4B82-B617-3A5D442B8CC0}"
EndProject
Project("{2150E333-8FDC-42A3-9474-1A3956D46DE8}") = "Solution Items", "Solution Items", "{4875D242-F178-48B4-B86D-397650126A32}"
	ProjectSection(SolutionItems) = preProject
		docs\BuildEvents.png = docs\BuildEvents.png
		docs\CreateProject.png = docs\CreateProject.png
		docs\DebugSettings.png = docs\DebugSettings.png
		docs\DevelopingFileFormatPlugins.md = docs\DevelopingFileFormatPlugins.md
		docs\DevelopingPlugins.md = docs\DevelopingPlugins.md
		docs\issue_template.md = docs\issue_template.md
		LICENSE = LICENSE
		docs\NugetPackage.png = docs\NugetPackage.png
		docs\PULL_REQUEST_TEMPLATE.md = docs\PULL_REQUEST_TEMPLATE.md
		README.md = README.md
	EndProjectSection
EndProject
Project("{FAE04EC0-301F-11D3-BF4B-00C04F79EFBC}") = "Installer", "src\Installer\Installer.csproj", "{0A1431F6-8548-44D4-B82B-049B94A7F57D}"
	ProjectSection(ProjectDependencies) = postProject
		{0C18B216-9FF4-4DCF-88C0-4B1448892F43} = {0C18B216-9FF4-4DCF-88C0-4B1448892F43}
		{62C60D20-180E-4A59-9EF3-30161E1E31CB} = {62C60D20-180E-4A59-9EF3-30161E1E31CB}
		{9997F434-58B2-4C26-B622-5CA411A82BF7} = {9997F434-58B2-4C26-B622-5CA411A82BF7}
		{C667EB8A-6781-4623-AC7C-D3FBA2F6E7D4} = {C667EB8A-6781-4623-AC7C-D3FBA2F6E7D4}
		{799F74C7-6DE8-455D-936D-E11D7525AB36} = {799F74C7-6DE8-455D-936D-E11D7525AB36}
	EndProjectSection
EndProject
Project("{FAE04EC0-301F-11D3-BF4B-00C04F79EFBC}") = "Tailviewer.Api", "src\Tailviewer.Api\Tailviewer.Api.csproj", "{0C18B216-9FF4-4DCF-88C0-4B1448892F43}"
EndProject
Project("{FAE04EC0-301F-11D3-BF4B-00C04F79EFBC}") = "Tailviewer.Acceptance.Tests", "src\Tailviewer.Acceptance.Tests\Tailviewer.Acceptance.Tests.csproj", "{502F427E-C55C-4A8B-BCF9-9D8AE7451570}"
	ProjectSection(ProjectDependencies) = postProject
		{0A1431F6-8548-44D4-B82B-049B94A7F57D} = {0A1431F6-8548-44D4-B82B-049B94A7F57D}
	EndProjectSection
EndProject
Project("{FAE04EC0-301F-11D3-BF4B-00C04F79EFBC}") = "Tailviewer.Core", "src\Tailviewer.Core\Tailviewer.Core.csproj", "{62C60D20-180E-4A59-9EF3-30161E1E31CB}"
EndProject
Project("{FAE04EC0-301F-11D3-BF4B-00C04F79EFBC}") = "Tailviewer.Archiver", "src\Tailviewer.Archiver\Tailviewer.Archiver.csproj", "{C667EB8A-6781-4623-AC7C-D3FBA2F6E7D4}"
EndProject
Project("{FAE04EC0-301F-11D3-BF4B-00C04F79EFBC}") = "Tailviewer.Archiver.Tests", "src\Tailviewer.Archiver.Tests\Tailviewer.Archiver.Tests.csproj", "{32B4C733-2E01-4633-A163-D947E0743946}"
EndProject
Project("{2150E333-8FDC-42A3-9474-1A3956D46DE8}") = "Plugins", "Plugins", "{BC0C0BBB-9D4C-47CE-9888-EB956F4A4562}"
EndProject
Project("{FAE04EC0-301F-11D3-BF4B-00C04F79EFBC}") = "Tailviewer.System.Tests", "src\Tailviewer.System.Tests\Tailviewer.System.Tests.csproj", "{DC744DCE-69A8-41DF-80E4-D51ECF536A4A}"
EndProject
Project("{FAE04EC0-301F-11D3-BF4B-00C04F79EFBC}") = "Tailviewer.PluginCreator", "src\Plugins\Tailviewer.PluginCreator\Tailviewer.PluginCreator.csproj", "{A251BAFB-A13C-4749-B38E-B183DA32BF21}"
EndProject
Project("{FAE04EC0-301F-11D3-BF4B-00C04F79EFBC}") = "Tailviewer.PluginRepository", "src\Tailviewer.PluginRepository\Tailviewer.PluginRepository.csproj", "{BA02A61B-2615-4CEF-8B7E-289A8E7CD204}"
EndProject
Project("{FAE04EC0-301F-11D3-BF4B-00C04F79EFBC}") = "Tailviewer.PluginRepository.Tests", "src\Tailviewer.PluginRepository.Tests\Tailviewer.PluginRepository.Tests.csproj", "{1A2286EE-866B-487F-98E7-C05CC4100107}"
EndProject
Project("{FAE04EC0-301F-11D3-BF4B-00C04F79EFBC}") = "Tailviewer.PluginRepository.Service", "src\Tailviewer.PluginRepository.Service\Tailviewer.PluginRepository.Service.csproj", "{2AB7F119-2DC7-476B-829C-DB291DFEA973}"
EndProject
Project("{2150E333-8FDC-42A3-9474-1A3956D46DE8}") = "src", "src", "{EC0ACDC9-7D14-4029-A8F2-15614BA3760B}"
EndProject
Project("{2150E333-8FDC-42A3-9474-1A3956D46DE8}") = "examples", "examples", "{3E228233-3DBD-48B5-85B3-BEAD0C65F084}"
EndProject
Project("{FAE04EC0-301F-11D3-BF4B-00C04F79EFBC}") = "Tailviewer.LogLevelPlugin", "examples\Tailviewer.LogLevelPlugin\Tailviewer.LogLevelPlugin.csproj", "{A628892A-4BE2-4726-983E-CCE47C716CC1}"
EndProject
Project("{FAE04EC0-301F-11D3-BF4B-00C04F79EFBC}") = "Tailviewer.Formats.Serilog", "src\Plugins\Tailviewer.Formats.Serilog\Tailviewer.Formats.Serilog.csproj", "{9997F434-58B2-4C26-B622-5CA411A82BF7}"
	ProjectSection(ProjectDependencies) = postProject
		{C667EB8A-6781-4623-AC7C-D3FBA2F6E7D4} = {C667EB8A-6781-4623-AC7C-D3FBA2F6E7D4}
	EndProjectSection
EndProject
Project("{FAE04EC0-301F-11D3-BF4B-00C04F79EFBC}") = "Tailviewer.Formats.Serilog.Tests", "src\Plugins\Tailviewer.Formats.Serilog.Tests\Tailviewer.Formats.Serilog.Tests.csproj", "{B132CF5C-8555-4D0F-A55A-F870C003EB59}"
EndProject
Project("{FAE04EC0-301F-11D3-BF4B-00C04F79EFBC}") = "Tailviewer.Api.Tests", "src\Tailviewer.Api.Tests\Tailviewer.Api.Tests.csproj", "{0933775D-327D-4EE6-95FC-33140858666F}"
EndProject
Project("{FAE04EC0-301F-11D3-BF4B-00C04F79EFBC}") = "Tailviewer.Core.Tests", "src\Tailviewer.Core.Tests\Tailviewer.Core.Tests.csproj", "{8DB58C51-AFFA-47AD-9D8D-D3473AEC66FC}"
EndProject
Global
	GlobalSection(SolutionConfigurationPlatforms) = preSolution
		Debug|Any CPU = Debug|Any CPU
		Release|Any CPU = Release|Any CPU
	EndGlobalSection
	GlobalSection(ProjectConfigurationPlatforms) = postSolution
		{799F74C7-6DE8-455D-936D-E11D7525AB36}.Debug|Any CPU.ActiveCfg = Debug|Any CPU
		{799F74C7-6DE8-455D-936D-E11D7525AB36}.Debug|Any CPU.Build.0 = Debug|Any CPU
		{799F74C7-6DE8-455D-936D-E11D7525AB36}.Release|Any CPU.ActiveCfg = Release|Any CPU
		{799F74C7-6DE8-455D-936D-E11D7525AB36}.Release|Any CPU.Build.0 = Release|Any CPU
		{284845FB-EFF7-434E-9006-E789AB95F2F2}.Debug|Any CPU.ActiveCfg = Debug|Any CPU
		{284845FB-EFF7-434E-9006-E789AB95F2F2}.Debug|Any CPU.Build.0 = Debug|Any CPU
		{284845FB-EFF7-434E-9006-E789AB95F2F2}.Release|Any CPU.ActiveCfg = Release|Any CPU
		{284845FB-EFF7-434E-9006-E789AB95F2F2}.Release|Any CPU.Build.0 = Release|Any CPU
		{0A1431F6-8548-44D4-B82B-049B94A7F57D}.Debug|Any CPU.ActiveCfg = Debug|Any CPU
		{0A1431F6-8548-44D4-B82B-049B94A7F57D}.Debug|Any CPU.Build.0 = Debug|Any CPU
		{0A1431F6-8548-44D4-B82B-049B94A7F57D}.Release|Any CPU.ActiveCfg = Release|Any CPU
		{0A1431F6-8548-44D4-B82B-049B94A7F57D}.Release|Any CPU.Build.0 = Release|Any CPU
		{0C18B216-9FF4-4DCF-88C0-4B1448892F43}.Debug|Any CPU.ActiveCfg = Debug|Any CPU
		{0C18B216-9FF4-4DCF-88C0-4B1448892F43}.Debug|Any CPU.Build.0 = Debug|Any CPU
		{0C18B216-9FF4-4DCF-88C0-4B1448892F43}.Release|Any CPU.ActiveCfg = Release|Any CPU
		{0C18B216-9FF4-4DCF-88C0-4B1448892F43}.Release|Any CPU.Build.0 = Release|Any CPU
		{502F427E-C55C-4A8B-BCF9-9D8AE7451570}.Debug|Any CPU.ActiveCfg = Debug|Any CPU
		{502F427E-C55C-4A8B-BCF9-9D8AE7451570}.Debug|Any CPU.Build.0 = Debug|Any CPU
		{502F427E-C55C-4A8B-BCF9-9D8AE7451570}.Release|Any CPU.ActiveCfg = Release|Any CPU
		{502F427E-C55C-4A8B-BCF9-9D8AE7451570}.Release|Any CPU.Build.0 = Release|Any CPU
		{62C60D20-180E-4A59-9EF3-30161E1E31CB}.Debug|Any CPU.ActiveCfg = Debug|Any CPU
		{62C60D20-180E-4A59-9EF3-30161E1E31CB}.Debug|Any CPU.Build.0 = Debug|Any CPU
		{62C60D20-180E-4A59-9EF3-30161E1E31CB}.Release|Any CPU.ActiveCfg = Release|Any CPU
		{62C60D20-180E-4A59-9EF3-30161E1E31CB}.Release|Any CPU.Build.0 = Release|Any CPU
		{C667EB8A-6781-4623-AC7C-D3FBA2F6E7D4}.Debug|Any CPU.ActiveCfg = Debug|Any CPU
		{C667EB8A-6781-4623-AC7C-D3FBA2F6E7D4}.Debug|Any CPU.Build.0 = Debug|Any CPU
		{C667EB8A-6781-4623-AC7C-D3FBA2F6E7D4}.Release|Any CPU.ActiveCfg = Release|Any CPU
		{C667EB8A-6781-4623-AC7C-D3FBA2F6E7D4}.Release|Any CPU.Build.0 = Release|Any CPU
		{32B4C733-2E01-4633-A163-D947E0743946}.Debug|Any CPU.ActiveCfg = Debug|Any CPU
		{32B4C733-2E01-4633-A163-D947E0743946}.Debug|Any CPU.Build.0 = Debug|Any CPU
		{32B4C733-2E01-4633-A163-D947E0743946}.Release|Any CPU.ActiveCfg = Release|Any CPU
		{32B4C733-2E01-4633-A163-D947E0743946}.Release|Any CPU.Build.0 = Release|Any CPU
		{DC744DCE-69A8-41DF-80E4-D51ECF536A4A}.Debug|Any CPU.ActiveCfg = Debug|Any CPU
		{DC744DCE-69A8-41DF-80E4-D51ECF536A4A}.Debug|Any CPU.Build.0 = Debug|Any CPU
		{DC744DCE-69A8-41DF-80E4-D51ECF536A4A}.Release|Any CPU.ActiveCfg = Release|Any CPU
		{DC744DCE-69A8-41DF-80E4-D51ECF536A4A}.Release|Any CPU.Build.0 = Release|Any CPU
		{A251BAFB-A13C-4749-B38E-B183DA32BF21}.Debug|Any CPU.ActiveCfg = Debug|Any CPU
		{A251BAFB-A13C-4749-B38E-B183DA32BF21}.Debug|Any CPU.Build.0 = Debug|Any CPU
		{A251BAFB-A13C-4749-B38E-B183DA32BF21}.Release|Any CPU.ActiveCfg = Release|Any CPU
		{A251BAFB-A13C-4749-B38E-B183DA32BF21}.Release|Any CPU.Build.0 = Release|Any CPU
		{BA02A61B-2615-4CEF-8B7E-289A8E7CD204}.Debug|Any CPU.ActiveCfg = Debug|Any CPU
		{BA02A61B-2615-4CEF-8B7E-289A8E7CD204}.Debug|Any CPU.Build.0 = Debug|Any CPU
		{BA02A61B-2615-4CEF-8B7E-289A8E7CD204}.Release|Any CPU.ActiveCfg = Release|Any CPU
		{BA02A61B-2615-4CEF-8B7E-289A8E7CD204}.Release|Any CPU.Build.0 = Release|Any CPU
		{1A2286EE-866B-487F-98E7-C05CC4100107}.Debug|Any CPU.ActiveCfg = Debug|Any CPU
		{1A2286EE-866B-487F-98E7-C05CC4100107}.Debug|Any CPU.Build.0 = Debug|Any CPU
		{1A2286EE-866B-487F-98E7-C05CC4100107}.Release|Any CPU.ActiveCfg = Release|Any CPU
		{1A2286EE-866B-487F-98E7-C05CC4100107}.Release|Any CPU.Build.0 = Release|Any CPU
		{2AB7F119-2DC7-476B-829C-DB291DFEA973}.Debug|Any CPU.ActiveCfg = Debug|Any CPU
		{2AB7F119-2DC7-476B-829C-DB291DFEA973}.Debug|Any CPU.Build.0 = Debug|Any CPU
		{2AB7F119-2DC7-476B-829C-DB291DFEA973}.Release|Any CPU.ActiveCfg = Release|Any CPU
		{2AB7F119-2DC7-476B-829C-DB291DFEA973}.Release|Any CPU.Build.0 = Release|Any CPU
		{A628892A-4BE2-4726-983E-CCE47C716CC1}.Debug|Any CPU.ActiveCfg = Debug|Any CPU
		{A628892A-4BE2-4726-983E-CCE47C716CC1}.Debug|Any CPU.Build.0 = Debug|Any CPU
		{A628892A-4BE2-4726-983E-CCE47C716CC1}.Release|Any CPU.ActiveCfg = Release|Any CPU
		{A628892A-4BE2-4726-983E-CCE47C716CC1}.Release|Any CPU.Build.0 = Release|Any CPU
		{9997F434-58B2-4C26-B622-5CA411A82BF7}.Debug|Any CPU.ActiveCfg = Debug|Any CPU
		{9997F434-58B2-4C26-B622-5CA411A82BF7}.Debug|Any CPU.Build.0 = Debug|Any CPU
		{9997F434-58B2-4C26-B622-5CA411A82BF7}.Release|Any CPU.ActiveCfg = Release|Any CPU
		{9997F434-58B2-4C26-B622-5CA411A82BF7}.Release|Any CPU.Build.0 = Release|Any CPU
		{B132CF5C-8555-4D0F-A55A-F870C003EB59}.Debug|Any CPU.ActiveCfg = Debug|Any CPU
		{B132CF5C-8555-4D0F-A55A-F870C003EB59}.Debug|Any CPU.Build.0 = Debug|Any CPU
		{B132CF5C-8555-4D0F-A55A-F870C003EB59}.Release|Any CPU.ActiveCfg = Release|Any CPU
		{B132CF5C-8555-4D0F-A55A-F870C003EB59}.Release|Any CPU.Build.0 = Release|Any CPU
		{0933775D-327D-4EE6-95FC-33140858666F}.Debug|Any CPU.ActiveCfg = Debug|Any CPU
		{0933775D-327D-4EE6-95FC-33140858666F}.Debug|Any CPU.Build.0 = Debug|Any CPU
		{0933775D-327D-4EE6-95FC-33140858666F}.Release|Any CPU.ActiveCfg = Release|Any CPU
		{0933775D-327D-4EE6-95FC-33140858666F}.Release|Any CPU.Build.0 = Release|Any CPU
		{8DB58C51-AFFA-47AD-9D8D-D3473AEC66FC}.Debug|Any CPU.ActiveCfg = Debug|Any CPU
		{8DB58C51-AFFA-47AD-9D8D-D3473AEC66FC}.Debug|Any CPU.Build.0 = Debug|Any CPU
		{8DB58C51-AFFA-47AD-9D8D-D3473AEC66FC}.Release|Any CPU.ActiveCfg = Release|Any CPU
		{8DB58C51-AFFA-47AD-9D8D-D3473AEC66FC}.Release|Any CPU.Build.0 = Release|Any CPU
	EndGlobalSection
	GlobalSection(SolutionProperties) = preSolution
		HideSolutionNode = FALSE
	EndGlobalSection
	GlobalSection(NestedProjects) = preSolution
		{799F74C7-6DE8-455D-936D-E11D7525AB36} = {EC0ACDC9-7D14-4029-A8F2-15614BA3760B}
		{284845FB-EFF7-434E-9006-E789AB95F2F2} = {790E58D1-E0A7-4B82-B617-3A5D442B8CC0}
		{790E58D1-E0A7-4B82-B617-3A5D442B8CC0} = {EC0ACDC9-7D14-4029-A8F2-15614BA3760B}
		{0A1431F6-8548-44D4-B82B-049B94A7F57D} = {EC0ACDC9-7D14-4029-A8F2-15614BA3760B}
		{0C18B216-9FF4-4DCF-88C0-4B1448892F43} = {EC0ACDC9-7D14-4029-A8F2-15614BA3760B}
		{502F427E-C55C-4A8B-BCF9-9D8AE7451570} = {790E58D1-E0A7-4B82-B617-3A5D442B8CC0}
		{62C60D20-180E-4A59-9EF3-30161E1E31CB} = {EC0ACDC9-7D14-4029-A8F2-15614BA3760B}
		{C667EB8A-6781-4623-AC7C-D3FBA2F6E7D4} = {EC0ACDC9-7D14-4029-A8F2-15614BA3760B}
		{32B4C733-2E01-4633-A163-D947E0743946} = {790E58D1-E0A7-4B82-B617-3A5D442B8CC0}
		{BC0C0BBB-9D4C-47CE-9888-EB956F4A4562} = {EC0ACDC9-7D14-4029-A8F2-15614BA3760B}
		{DC744DCE-69A8-41DF-80E4-D51ECF536A4A} = {790E58D1-E0A7-4B82-B617-3A5D442B8CC0}
		{A251BAFB-A13C-4749-B38E-B183DA32BF21} = {BC0C0BBB-9D4C-47CE-9888-EB956F4A4562}
		{BA02A61B-2615-4CEF-8B7E-289A8E7CD204} = {EC0ACDC9-7D14-4029-A8F2-15614BA3760B}
		{1A2286EE-866B-487F-98E7-C05CC4100107} = {790E58D1-E0A7-4B82-B617-3A5D442B8CC0}
		{2AB7F119-2DC7-476B-829C-DB291DFEA973} = {EC0ACDC9-7D14-4029-A8F2-15614BA3760B}
		{A628892A-4BE2-4726-983E-CCE47C716CC1} = {3E228233-3DBD-48B5-85B3-BEAD0C65F084}
		{9997F434-58B2-4C26-B622-5CA411A82BF7} = {BC0C0BBB-9D4C-47CE-9888-EB956F4A4562}
		{B132CF5C-8555-4D0F-A55A-F870C003EB59} = {790E58D1-E0A7-4B82-B617-3A5D442B8CC0}
		{0933775D-327D-4EE6-95FC-33140858666F} = {790E58D1-E0A7-4B82-B617-3A5D442B8CC0}
		{8DB58C51-AFFA-47AD-9D8D-D3473AEC66FC} = {790E58D1-E0A7-4B82-B617-3A5D442B8CC0}
	EndGlobalSection
	GlobalSection(ExtensibilityGlobals) = postSolution
		SolutionGuid = {B0BB6C40-85F7-419C-8CBC-89473DC30B16}
	EndGlobalSection
EndGlobal
